
Microsoft Visual Studio Solution File, Format Version 12.00
# Visual Studio Version 17
VisualStudioVersion = 17.0.32014.148
MinimumVisualStudioVersion = 10.0.40219.1
Project("{FAE04EC0-301F-11D3-BF4B-00C04F79EFBC}") = "MarsRoverProject", "MarsRoverProject\MarsRoverProject.csproj", "{B867A297-F641-4AB5-A003-305C5930CA4F}"
EndProject
Global
	GlobalSection(SolutionConfigurationPlatforms) = preSolution
		Debug|Any CPU = Debug|Any CPU
		Release|Any CPU = Release|Any CPU
	EndGlobalSection
	GlobalSection(ProjectConfigurationPlatforms) = postSolution
		{B867A297-F641-4AB5-A003-305C5930CA4F}.Debug|Any CPU.ActiveCfg = Debug|Any CPU
		{B867A297-F641-4AB5-A003-305C5930CA4F}.Debug|Any CPU.Build.0 = Debug|Any CPU
		{B867A297-F641-4AB5-A003-305C5930CA4F}.Release|Any CPU.ActiveCfg = Release|Any CPU
		{B867A297-F641-4AB5-A003-305C5930CA4F}.Release|Any CPU.Build.0 = Release|Any CPU
	EndGlobalSection
	GlobalSection(SolutionProperties) = preSolution
		HideSolutionNode = FALSE
	EndGlobalSection
	GlobalSection(ExtensibilityGlobals) = postSolution
		SolutionGuid = {0DA9666D-58F2-4003-BF76-E95CE8894F4D}
	EndGlobalSection
EndGlobal
